
Microsoft Visual Studio Solution File, Format Version 12.00
# Visual Studio Version 16
VisualStudioVersion = 16.0.30804.86
MinimumVisualStudioVersion = 10.0.40219.1
Project("{FAE04EC0-301F-11D3-BF4B-00C04F79EFBC}") = "RestBlinders.Core", "RestBlinders.Core\RestBlinders.Core.csproj", "{94757BD4-835B-40EB-9D71-467780BEAB17}"
EndProject
Project("{FAE04EC0-301F-11D3-BF4B-00C04F79EFBC}") = "RestBlinders.Infraestructure", "RestBlinders.Infraestructure\RestBlinders.Infraestructure.csproj", "{9C31BE87-7CCB-468C-9D14-9CABD707E49E}"
EndProject
Project("{2150E333-8FDC-42A3-9474-1A3956D46DE8}") = "Tests", "Tests", "{E80BC0FD-91AA-4A87-A140-DEBBF516F39C}"
EndProject
Project("{FAE04EC0-301F-11D3-BF4B-00C04F79EFBC}") = "unitTests", "unitTests\unitTests.csproj", "{988191EE-C22C-4578-A4A7-8AC619CE25ED}"
EndProject
Project("{FAE04EC0-301F-11D3-BF4B-00C04F79EFBC}") = "IntegrationTest", "IntegrationTest\IntegrationTest.csproj", "{B008842D-EF08-45C3-ACD0-F6E23D29123F}"
EndProject
Project("{FAE04EC0-301F-11D3-BF4B-00C04F79EFBC}") = "RestBlinders.api", "RestBlinders.api\RestBlinders.api.csproj", "{B3E45412-F4C9-4E05-9270-AB50A32ADF39}"
EndProject
Global
	GlobalSection(SolutionConfigurationPlatforms) = preSolution
		Debug|Any CPU = Debug|Any CPU
		Release|Any CPU = Release|Any CPU
	EndGlobalSection
	GlobalSection(ProjectConfigurationPlatforms) = postSolution
		{94757BD4-835B-40EB-9D71-467780BEAB17}.Debug|Any CPU.ActiveCfg = Debug|Any CPU
		{94757BD4-835B-40EB-9D71-467780BEAB17}.Debug|Any CPU.Build.0 = Debug|Any CPU
		{94757BD4-835B-40EB-9D71-467780BEAB17}.Release|Any CPU.ActiveCfg = Release|Any CPU
		{94757BD4-835B-40EB-9D71-467780BEAB17}.Release|Any CPU.Build.0 = Release|Any CPU
		{9C31BE87-7CCB-468C-9D14-9CABD707E49E}.Debug|Any CPU.ActiveCfg = Debug|Any CPU
		{9C31BE87-7CCB-468C-9D14-9CABD707E49E}.Debug|Any CPU.Build.0 = Debug|Any CPU
		{9C31BE87-7CCB-468C-9D14-9CABD707E49E}.Release|Any CPU.ActiveCfg = Release|Any CPU
		{9C31BE87-7CCB-468C-9D14-9CABD707E49E}.Release|Any CPU.Build.0 = Release|Any CPU
		{988191EE-C22C-4578-A4A7-8AC619CE25ED}.Debug|Any CPU.ActiveCfg = Debug|Any CPU
		{988191EE-C22C-4578-A4A7-8AC619CE25ED}.Debug|Any CPU.Build.0 = Debug|Any CPU
		{988191EE-C22C-4578-A4A7-8AC619CE25ED}.Release|Any CPU.ActiveCfg = Release|Any CPU
		{988191EE-C22C-4578-A4A7-8AC619CE25ED}.Release|Any CPU.Build.0 = Release|Any CPU
		{B008842D-EF08-45C3-ACD0-F6E23D29123F}.Debug|Any CPU.ActiveCfg = Debug|Any CPU
		{B008842D-EF08-45C3-ACD0-F6E23D29123F}.Debug|Any CPU.Build.0 = Debug|Any CPU
		{B008842D-EF08-45C3-ACD0-F6E23D29123F}.Release|Any CPU.ActiveCfg = Release|Any CPU
		{B008842D-EF08-45C3-ACD0-F6E23D29123F}.Release|Any CPU.Build.0 = Release|Any CPU
		{B3E45412-F4C9-4E05-9270-AB50A32ADF39}.Debug|Any CPU.ActiveCfg = Debug|Any CPU
		{B3E45412-F4C9-4E05-9270-AB50A32ADF39}.Debug|Any CPU.Build.0 = Debug|Any CPU
		{B3E45412-F4C9-4E05-9270-AB50A32ADF39}.Release|Any CPU.ActiveCfg = Release|Any CPU
		{B3E45412-F4C9-4E05-9270-AB50A32ADF39}.Release|Any CPU.Build.0 = Release|Any CPU
	EndGlobalSection
	GlobalSection(SolutionProperties) = preSolution
		HideSolutionNode = FALSE
	EndGlobalSection
	GlobalSection(NestedProjects) = preSolution
		{988191EE-C22C-4578-A4A7-8AC619CE25ED} = {E80BC0FD-91AA-4A87-A140-DEBBF516F39C}
		{B008842D-EF08-45C3-ACD0-F6E23D29123F} = {E80BC0FD-91AA-4A87-A140-DEBBF516F39C}
	EndGlobalSection
	GlobalSection(ExtensibilityGlobals) = postSolution
		SolutionGuid = {2E42EC1D-A917-4A79-A90D-FA4FC94E31E4}
	EndGlobalSection
EndGlobal
